github.com/BurntSushi/toml v0.3.1 h1:WXkYYl6Yr3qBf1K79EBnL4mak0OimBfB0XUf9Vl28OQ=
github.com/BurntSushi/toml v0.3.1/go.mod h1:xHWCNGjB5oqiDr8zfno3MHue2Ht5sIBksp03qcyfWMU=
github.com/Hatch1fy/actions v0.4.75 h1:d3tNbr919j/xuc8b7ASvfxOwcxPwhRZxZS8tWjo+B4o=
github.com/Hatch1fy/actions v0.4.75/go.mod h1:00eG0JHQuaaaaL99Uc/ZTCUXBmvzT5aGCfCH01z396M=
github.com/Hatch1fy/cron v0.4.75 h1:JMjHVLp/J2vDiATjPyWaRAPZwtKnlqkei1XXuNxHTAw=
github.com/Hatch1fy/cron v0.4.75/go.mod h1:srziZhU5rAzVXoUSkVkzq3iZOk+u+Y7pV3nL+dXN9L4=
github.com/Hatch1fy/dbutils v0.4.75 h1:LoAAMbPa02BQSZbhJqX+nMnsC8/NcZw+mRKVVG0yK3k=
github.com/Hatch1fy/dbutils v0.4.75/go.mod h1:MlJOyEm+8UCWxLewI5FJ+4kALiirgBmRw5PtLVEMVjA=
github.com/Hatch1fy/errors v0.4.75 h1:9E76gJQI4S8zJTu40B5HYg2CnYhRbOl7u5/tk+tqTc0=
github.com/Hatch1fy/errors v0.4.75/go.mod h1:SJFCeScmERvwtYMG7EU24Fe0KfXmiIs7tNlcIl0STKk=
github.com/Hatch1fy/logger v0.4.75 h1:aRPC9zzeWjK2VUP7VHovExJkRCSe2/FCB9TrV3XDW+0=
github.com/Hatch1fy/logger v0.4.75/go.mod h1:7rZvRezm4CefFBd0U+ZG+jfyFoEtopy56ZSSDzFD3F8=
github.com/Hatch1fy/pgutils v0.4.75 h1:QRq0iHIykcqtKiwZrQ5igDp25F6rRmHQIUYBexsSErA=
github.com/Hatch1fy/pgutils v0.4.75/go.mod h1:MgaXrebmau3EJGKKYksROEp0ApC6dCpEIQhQN7iCF2g=
github.com/Hatch1fy/snapshotter v0.4.75 h1:idrQb0yU3vsTmOaSzJbNXOrK2v355HFVKQHdUHQybl8=
github.com/Hatch1fy/snapshotter v0.4.75/go.mod h1:eZe8J5U7BLpncNnA4cogwLauNnKC1mzz4NgpQm9cSqc=
github.com/aws/aws-sdk-go v1.29.26 h1:T8LJNOVt0HZgJQySeE+1Pr3ClcX+rb7ddq/ZAjnHzDc=
github.com/aws/aws-sdk-go v1.29.26/go.mod h1:1KvfttTE3SPKMpo8g2c6jL3ZKfXtFvKscTgahTma5Xg=
github.com/boltdb/bolt v1.3.1 h1:JQmyP4ZBrce+ZQu0dY660FMfatumYDLun9hBCUVIkF4=
github.com/boltdb/bolt v1.3.1/go.mod h1:clJnj/oiGkjum5o1McbSZDSLxVThjynRyGBgiAx27Ps=
github.com/davecgh/go-spew v1.1.0 h1:ZDRjVQ15GmhC3fiQ8ni8+OwkZQO4DARzQgrnXU1Liz8=
github.com/davecgh/go-spew v1.1.0/go.mod h1:J7Y8YcW2NihsgmVo/mv3lAwl/skON4iLHjSsI+c5H38=
github.com/go-sql-driver/mysql v1.5.0/go.mod h1:DCzpHaOWr8IXmIStZouvnhqoel9Qv2LBy8hT2VhHyBg=
github.com/hatchify/atoms v0.4.75 h1:f2FEk/kmiUrUTPqPZZuKL7thQOYfSTRr8UY9V9PitYY=
github.com/hatchify/atoms v0.4.75/go.mod h1:rj5Oi/MmC4N5juGypB+qZnBTxTJF8ywfykfpSkE/kBU=
github.com/hatchify/closer v0.4.75/go.mod h1:4c3Wgfrdo8qDtm71jpEXfH/ogv9shWlB4rcTdjZkgzQ=
github.com/hatchify/colors v0.4.75 h1:eBz570FFv/rLKimsm93F0uAahzCWBXeiixQT63a4jB0=
github.com/hatchify/colors v0.4.75/go.mod h1:t0952Ef1zDFMVTCkOwhrdJS9ToVWTdcJ3PWCHZADLuU=
github.com/hatchify/mum v0.4.75 h1:FJSKywjCYF+UtqsRcps0DY9gSJB8aUSwF7YVs2o3jok=
github.com/hatchify/mum v0.4.75/go.mod h1:nfkJBch8/A9Oyq57nn9sMvC64oWK+IIuIWuTFGrLZpw=
github.com/hatchify/scribe v0.4.75 h1:IjiTIZDizZfjxp7OfqsDW3Pn52Na61Ybf4Mm91s3T1s=
github.com/hatchify/scribe v0.4.75/go.mod h1:8+L/1XA0lJCbP8qcXNLud97sxpszgsxtB4U+z3gvWG8=
github.com/jmespath/go-jmespath v0.0.0-20180206201540-c2b33e8439af h1:pmfjZENx5imkbgOkpRUYLnmbU7UEFbjtDA2hxJ1ichM=
github.com/jmespath/go-jmespath v0.0.0-20180206201540-c2b33e8439af/go.mod h1:Nht3zPeWKUH0NzdCt2Blrr5ys8VGpn0CEB0cQHVjt7k=
github.com/pkg/errors v0.9.1/go.mod h1:bwawxfHBFNV+L2hUp1rHADufV3IMtnDRdf1r5NINEl0=
github.com/pmezard/go-difflib v1.0.0 h1:4DBwDE0NGyQoBHbLQYPwSUPoCMWR5BEzIk/f1lZbAQM=
github.com/pmezard/go-difflib v1.0.0/go.mod h1:iKH77koFhYxTK1pcRnkKkqfTogsbg7gZNVY4sRDYZ/4=
github.com/stretchr/objx v0.1.0/go.mod h1:HFkY916IF+rwdDfMAkV7OtwuqBVzrE8GR6GFx+wExME=
github.com/stretchr/testify v1.4.0 h1:2E4SXV/wtOkTonXsotYi4li6zVWxYlZuYNCXe9XRJyk=
github.com/stretchr/testify v1.4.0/go.mod h1:j7eGeouHqKxXV5pUuKE4zz7dFj8WfuZ+81PSLYec5m4=
golang.org/x/crypto v0.0.0-20190308221718-c2843e01d9a2/go.mod h1:djNgcEr1/C05ACkg1iLfiJU5Ep61QUkGW8qpdssI0+w=
golang.org/x/net v0.0.0-20200202094626-16171245cfb2 h1:CCH4IOTTfewWjGOlSp+zGcjutRKlBEZQ6wTn8ozI/nI=
golang.org/x/net v0.0.0-20200202094626-16171245cfb2/go.mod h1:z5CRVTTTmAJ677TzLLGU+0bjPO0LkuOLi4/5GtJWs/s=
golang.org/x/sys v0.0.0-20190215142949-d0b11bdaac8a/go.mod h1:STP8DvDyc/dI5b8T5hshtkjS+E42TnysNCUPdjciGhY=
golang.org/x/sys v0.0.0-20200316230553-a7d97aace0b0 h1:4Khi5GeNOkZS5DqSBRn4Sy7BE6GuxwOqARPqfurkdNk=
golang.org/x/sys v0.0.0-20200316230553-a7d97aace0b0/go.mod h1:h1NjWce9XRLGQEsW7wpKNCjG9DtNlClVuFLEZdDNbEs=
golang.org/x/text v0.3.0 h1:g61tztE5qeGQ89tm6NTjjM9VPIm088od1l6aSorWRWg=
golang.org/x/text v0.3.0/go.mod h1:NqM8EUOU14njkJ3fqMW+pc6Ldnwhi/IjpwHt7yyuwOQ=
gopkg.in/check.v1 v0.0.0-20161208181325-20d25e280405 h1:yhCVgyC4o1eVCa2tZl7eS0r+SDo693bJlVdllGtEeKM=
gopkg.in/check.v1 v0.0.0-20161208181325-20d25e280405/go.mod h1:Co6ibVJAznAaIkqp8huTwlJQCZ016jof/cbN4VW5Yz0=
gopkg.in/yaml.v2 v2.2.2 h1:ZCJp+EgiOT7lHqUV2J862kp8Qj64Jo6az82+3Td9dZw=
gopkg.in/yaml.v2 v2.2.2/go.mod h1:hI93XBmqTisBFMUTm0b8Fm+jr3Dg1NNxqwp+5A1VGuI=
