github.com/edsrzf/mmap-go v1.0.0 h1:CEBF7HpRnUCSJgGUb5h1Gm7e3VkmVDrR8lvWVLtrOFw=
github.com/edsrzf/mmap-go v1.0.0/go.mod h1:YO35OhQPt3KJa3ryjFM5Bs14WD66h8eGKpfaBNrHW5M=
github.com/gdbu/actions v0.6.0 h1:SC1nDhgusQTy1SSqeRsGEZ9TTlpeyZpyxcN+wtJwQ3w=
github.com/gdbu/actions v0.6.0/go.mod h1:Mw0Wdxa98OvpByXTqlm6ONpKexMtETy8Nc1F394OT2M=
github.com/gdbu/atoms v1.0.1 h1:7vSKoMNHQXQ0iMnDKjTDbOjhPVHZxgqiW4KPpKzGjyY=
github.com/gdbu/atoms v1.0.1/go.mod h1:NAF1/IvAK0xby1xvmlRLBpapkWBhWL8dlcsxVDGuUpo=
github.com/gdbu/bolt v1.4.0 h1:y0KmQLexHzWrpx3vdmqsFdgyRBKze/6jir9/y6Qw2Ig=
github.com/gdbu/bolt v1.4.0/go.mod h1:VxXGB8ehMDPaJIu3txG1PboAODVQu1mVDDN8i9FBVUU=
github.com/gdbu/indexer v0.1.4 h1:syicXPfyKMvEip60fvmDf7dTVyL2/8J8G4twOKM2oBg=
github.com/gdbu/indexer v0.1.4/go.mod h1:JU3TEHiWnPt8vc7nvF00jhLGNgV8Y0E9vW+QnaTHyT8=
github.com/gdbu/logger v0.6.2 h1:I82k0Fg0ZsOy1rsTjdt0zcD69kJPTtPRZfKOvOgguxg=
github.com/gdbu/logger v0.6.2/go.mod h1:YweE95qrjYqXm7wA/Uf3NW2ueFiNOtLDzktneVpe5kQ=
github.com/gdbu/stringset v0.1.5 h1:tFUMr1siWaPQyFH6BZQwltlhP4lmwm7LywYU3/suTO4=
github.com/gdbu/stringset v0.1.5/go.mod h1:X1P7j6/Kvc4VW4nWgIGEJLlIKlCP2jBKoTO4Kr5KRhI=
github.com/hatchify/errors v0.4.82 h1:o7eB9r1X3Sx7PBRRXMCaAm+vXcoQLE4ZOesIv4oK36Q=
github.com/hatchify/errors v0.4.82/go.mod h1:niCrsPjs0fFes147TgJ0LSUVdtavQTUvBxNoJm9Vew0=
github.com/mojura-backends/bolt v0.1.6 h1:+29lJ6JvIFLI51YF61cw3ILZ3G1fqE85hh7ummH8nsU=
github.com/mojura-backends/bolt v0.1.6/go.mod h1:uVN/ZxLgGomD2Hx9KSI0pnqrUYV4ZHfQcsRFOxmfvV8=
github.com/mojura/backend v0.1.1 h1:d1AvGDEqR2m6J3Qe7FJ8z8pnM9+WV6G6K6GrCVjVQGg=
github.com/mojura/backend v0.1.1/go.mod h1:JasOEo8h+g7kp7qybW3K3F7qtcITeknVo27tSOibD6c=
golang.org/x/sys v0.0.0-20201207223542-d4d67f95c62d h1:MiWWjyhUzZ+jvhZvloX6ZrUsdEghn8a64Upd8EMHglE=
golang.org/x/sys v0.0.0-20201207223542-d4d67f95c62d/go.mod h1:h1NjWce9XRLGQEsW7wpKNCjG9DtNlClVuFLEZdDNbEs=
