github.com/edsrzf/mmap-go v1.0.0 h1:CEBF7HpRnUCSJgGUb5h1Gm7e3VkmVDrR8lvWVLtrOFw=
github.com/edsrzf/mmap-go v1.0.0/go.mod h1:YO35OhQPt3KJa3ryjFM5Bs14WD66h8eGKpfaBNrHW5M=
github.com/gdbu/bolt v1.4.0 h1:y0KmQLexHzWrpx3vdmqsFdgyRBKze/6jir9/y6Qw2Ig=
github.com/gdbu/bolt v1.4.0/go.mod h1:VxXGB8ehMDPaJIu3txG1PboAODVQu1mVDDN8i9FBVUU=
github.com/gdbu/scribe v0.5.3 h1:kWkkE8p3iLB2CuReTTLKBYnRx4OTMZpDJTO2Z0xZ0WE=
github.com/gdbu/scribe v0.5.3/go.mod h1:d2N8Lim+phn6EuoppRUs6Vm9CSAHtzhTubGNM+A9Ya4=
github.com/gdbu/stopwatch v0.5.0 h1:iaLbkvlH9nYjXgz11/QrER/Z7hOKgAd9pzGIpqVFtAM=
github.com/gdbu/stopwatch v0.5.0/go.mod h1:XeShFhlO3R3PNuOHKMe7zR5U1TnEaY0VoIYRmRQ/ZT8=
github.com/gdbu/stringset v0.1.5 h1:tFUMr1siWaPQyFH6BZQwltlhP4lmwm7LywYU3/suTO4=
github.com/gdbu/stringset v0.1.5/go.mod h1:X1P7j6/Kvc4VW4nWgIGEJLlIKlCP2jBKoTO4Kr5KRhI=
github.com/hatchify/colors v0.4.79 h1:E7LXqZVYDFNaTcQGxlBSfEKQ2rByeAUW84uKkat3AoA=
github.com/hatchify/colors v0.4.79/go.mod h1:t0952Ef1zDFMVTCkOwhrdJS9ToVWTdcJ3PWCHZADLuU=
github.com/hatchify/cron v0.4.82 h1:NXiWl4/9w8Egg2N2FCrQuPYLevszgUv62ZHHMzfFbi8=
github.com/hatchify/cron v0.4.82/go.mod h1:X/CVy+BJDASlwrjpwJC4+jzD5Oeaw/NHGYkKRO3r9Tc=
github.com/hatchify/errors v0.4.82 h1:o7eB9r1X3Sx7PBRRXMCaAm+vXcoQLE4ZOesIv4oK36Q=
github.com/hatchify/errors v0.4.82/go.mod h1:niCrsPjs0fFes147TgJ0LSUVdtavQTUvBxNoJm9Vew0=
github.com/mojura-backends/bolt v0.2.1 h1:eqSRKqE3FD3TrYSP2Ocl1+/PrwNkyguEHA/r6EW/mv8=
github.com/mojura-backends/bolt v0.2.1/go.mod h1:+KjtCS4OuLbID3MO9jRs2EFMBwY/S5KS3YX4MTL6mxQ=
github.com/mojura/backend v0.2.1 h1:IvyZeWcAAu8TZ1u3cB5+9WtA0NbWbAsf5iymuDQ8LBs=
github.com/mojura/backend v0.2.1/go.mod h1:JasOEo8h+g7kp7qybW3K3F7qtcITeknVo27tSOibD6c=
github.com/mojura/enkodo v0.5.6 h1:aISGI1RkecsER0HwgQLENa0g+j1ywUTq8fwoheBPcdQ=
github.com/mojura/enkodo v0.5.6/go.mod h1:9/1bBkNTRhwLPSFAo0uG1a+numnsZMxNIzLdWxlFl+g=
github.com/mojura/kiroku v0.9.8 h1:DTDmtT0e3NZ5JIiK4Nfvil0+vxRVN39xq9WuC5IQ0Fk=
github.com/mojura/kiroku v0.9.8/go.mod h1:56OVrdD3B2jqzGVIUn+6v//5LsKNXGUWqN7qJgCu8yI=
golang.org/x/sys v0.0.0-20201207223542-d4d67f95c62d/go.mod h1:h1NjWce9XRLGQEsW7wpKNCjG9DtNlClVuFLEZdDNbEs=
golang.org/x/sys v0.0.0-20210124154548-22da62e12c0c h1:VwygUrnw9jn88c4u8GD3rZQbqrP/tgas88tPUbBxQrk=
golang.org/x/sys v0.0.0-20210124154548-22da62e12c0c/go.mod h1:h1NjWce9XRLGQEsW7wpKNCjG9DtNlClVuFLEZdDNbEs=
